
Microsoft Visual Studio Solution File, Format Version 12.00
# Visual Studio Version 17
VisualStudioVersion = 17.0.31903.59
MinimumVisualStudioVersion = 10.0.40219.1
Project("{2150E333-8FDC-42A3-9474-1A3956D46DE8}") = "src", "src", "{827E0CD3-B72D-47B6-A68D-7590B98EB39B}"
EndProject
Project("{FAE04EC0-301F-11D3-BF4B-00C04F79EFBC}") = "Procedo.Engine", "src\Procedo.Engine\Procedo.Engine.csproj", "{0E8A2420-17F4-45B7-9621-A505C6F3F938}"
EndProject
Project("{FAE04EC0-301F-11D3-BF4B-00C04F79EFBC}") = "Procedo.Runtime", "src\Procedo.Runtime\Procedo.Runtime.csproj", "{F348E153-8E37-46C7-8580-BE916A802C4A}"
EndProject
Project("{FAE04EC0-301F-11D3-BF4B-00C04F79EFBC}") = "Procedo.Plugin.SDK", "src\Procedo.Plugin.SDK\Procedo.Plugin.SDK.csproj", "{4D9E46D1-3E3F-4BD0-AF95-518E2FA3A883}"
EndProject
Project("{2150E333-8FDC-42A3-9474-1A3956D46DE8}") = "plugins", "plugins", "{07D57EEB-2F50-60C4-C011-FE4FA775C9A8}"
EndProject
Project("{FAE04EC0-301F-11D3-BF4B-00C04F79EFBC}") = "Procedo.Plugin.System", "plugins\Procedo.Plugin.System\Procedo.Plugin.System.csproj", "{8C30EBA0-53F9-489D-81E2-55767993249B}"
EndProject
Project("{2150E333-8FDC-42A3-9474-1A3956D46DE8}") = "tests", "tests", "{0AB3BF05-4346-4AA6-1389-037BE0695223}"
EndProject
Project("{FAE04EC0-301F-11D3-BF4B-00C04F79EFBC}") = "Procedo.UnitTests", "tests\Procedo.UnitTests\Procedo.UnitTests.csproj", "{BAC1400F-3474-4AC9-BAE8-3C012935D296}"
EndProject
Project("{FAE04EC0-301F-11D3-BF4B-00C04F79EFBC}") = "Procedo.IntegrationTests", "tests\Procedo.IntegrationTests\Procedo.IntegrationTests.csproj", "{CA3B43A1-75D1-430F-AD2C-0EB24EEAE71C}"
EndProject
Project("{FAE04EC0-301F-11D3-BF4B-00C04F79EFBC}") = "Procedo.ContractTests", "tests\Procedo.ContractTests\Procedo.ContractTests.csproj", "{134B1ABA-A4C4-4485-A7C6-01EB49A83529}"
EndProject
Project("{2150E333-8FDC-42A3-9474-1A3956D46DE8}") = "examples", "examples", "{B36A84DF-456D-A817-6EDD-3EC3E7F6E11F}"
EndProject
Project("{FAE04EC0-301F-11D3-BF4B-00C04F79EFBC}") = "Procedo.Example.Validation", "examples\Procedo.Example.Validation\Procedo.Example.Validation.csproj", "{E1A5D60E-55C2-4A8C-88AA-5B3A13231530}"
EndProject
Project("{FAE04EC0-301F-11D3-BF4B-00C04F79EFBC}") = "Procedo.Example.PersistenceResume", "examples\Procedo.Example.PersistenceResume\Procedo.Example.PersistenceResume.csproj", "{21061B49-BC07-46F7-B0CC-81A4727A723E}"
EndProject
Project("{FAE04EC0-301F-11D3-BF4B-00C04F79EFBC}") = "Procedo.Example.Observability", "examples\Procedo.Example.Observability\Procedo.Example.Observability.csproj", "{6B26A024-D699-4CDD-BEAE-CC1379C80D1C}"
EndProject
Project("{FAE04EC0-301F-11D3-BF4B-00C04F79EFBC}") = "Procedo.Example.ScenarioPack", "examples\Procedo.Example.ScenarioPack\Procedo.Example.ScenarioPack.csproj", "{B9E17168-1E59-43E5-9360-62C540DBA001}"
EndProject
Project("{FAE04EC0-301F-11D3-BF4B-00C04F79EFBC}") = "Procedo.Example.Catalog.Foundation", "examples\Procedo.Example.Catalog.Foundation\Procedo.Example.Catalog.Foundation.csproj", "{4FA96263-3BBF-4720-9FF4-B3A708A16E62}"
EndProject
Project("{FAE04EC0-301F-11D3-BF4B-00C04F79EFBC}") = "Procedo.Example.Catalog.Resilience", "examples\Procedo.Example.Catalog.Resilience\Procedo.Example.Catalog.Resilience.csproj", "{5A117705-A9AA-4F12-B8D4-664872C6632A}"
EndProject
Project("{FAE04EC0-301F-11D3-BF4B-00C04F79EFBC}") = "Procedo.Example.Catalog.Enterprise", "examples\Procedo.Example.Catalog.Enterprise\Procedo.Example.Catalog.Enterprise.csproj", "{4AAFA276-0051-4D36-9E17-92E9D8AAB6BA}"
EndProject
Project("{FAE04EC0-301F-11D3-BF4B-00C04F79EFBC}") = "Procedo.Plugin.Demo", "examples\Procedo.Plugin.Demo\Procedo.Plugin.Demo.csproj", "{ED50451C-5246-40C3-B686-EC9A6687DB5E}"
EndProject
Project("{FAE04EC0-301F-11D3-BF4B-00C04F79EFBC}") = "Procedo.Example.CustomSteps", "examples\Procedo.Example.CustomSteps\Procedo.Example.CustomSteps.csproj", "{26A33A4E-D77F-4AE5-9919-2B4682536684}"
EndProject
Project("{FAE04EC0-301F-11D3-BF4B-00C04F79EFBC}") = "Procedo.Extensions.DependencyInjection", "src\Procedo.Extensions.DependencyInjection\Procedo.Extensions.DependencyInjection.csproj", "{A82DD82D-D42E-4E2B-A372-BD9B4DA3E5A2}"
EndProject
Project("{FAE04EC0-301F-11D3-BF4B-00C04F79EFBC}") = "Procedo.Example.DependencyInjection", "examples\Procedo.Example.DependencyInjection\Procedo.Example.DependencyInjection.csproj", "{D4438598-A60E-4442-A589-445F18F64A7B}"
EndProject
Project("{FAE04EC0-301F-11D3-BF4B-00C04F79EFBC}") = "Procedo.Example.SecureRuntime", "examples\Procedo.Example.SecureRuntime\Procedo.Example.SecureRuntime.csproj", "{62B3362D-D258-4CA5-86CE-A2019EAA23C5}"
EndProject
Project("{FAE04EC0-301F-11D3-BF4B-00C04F79EFBC}") = "Procedo.Example.WaitResume", "examples\Procedo.Example.WaitResume\Procedo.Example.WaitResume.csproj", "{0650DBEE-5B37-4629-9FC5-D984B93CA8BB}"
EndProject
Project("{FAE04EC0-301F-11D3-BF4B-00C04F79EFBC}") = "Procedo.Example.WaitResumeObservability", "examples\Procedo.Example.WaitResumeObservability\Procedo.Example.WaitResumeObservability.csproj", "{B15CE2FC-FCC0-48D1-BC03-0F389997C47E}"
EndProject
Project("{FAE04EC0-301F-11D3-BF4B-00C04F79EFBC}") = "Procedo.Example.Templates", "examples\Procedo.Example.Templates\Procedo.Example.Templates.csproj", "{EAEFDEAF-C37B-40F3-B647-E5E938F86C25}"
EndProject
Project("{FAE04EC0-301F-11D3-BF4B-00C04F79EFBC}") = "Procedo.Hosting", "src\Procedo.Hosting\Procedo.Hosting.csproj", "{E44D513D-CCFE-4614-8E82-B1905EE9C147}"
EndProject
Project("{FAE04EC0-301F-11D3-BF4B-00C04F79EFBC}") = "Procedo.Example.Catalog", "examples\Procedo.Example.Catalog\Procedo.Example.Catalog.csproj", "{8847CB46-D354-44FC-B81E-1C7439DC9AA9}"
EndProject
Project("{FAE04EC0-301F-11D3-BF4B-00C04F79EFBC}") = "Procedo.Example.ControlFlow", "examples\Procedo.Example.ControlFlow\Procedo.Example.ControlFlow.csproj", "{B25BBBB1-B5A2-446B-BF1A-71C693AC0392}"
EndProject
Project("{FAE04EC0-301F-11D3-BF4B-00C04F79EFBC}") = "Procedo.Example.TemplateReleasePack", "examples\Procedo.Example.TemplateReleasePack\Procedo.Example.TemplateReleasePack.csproj", "{587ED83D-B39E-490E-873A-DBC88718B33E}"
EndProject
Project("{FAE04EC0-301F-11D3-BF4B-00C04F79EFBC}") = "Procedo.Example.TemplateWaitResume", "examples\Procedo.Example.TemplateWaitResume\Procedo.Example.TemplateWaitResume.csproj", "{C268C99A-D546-4A1B-8AE5-84DF2E0922E3}"
EndProject
Project("{FAE04EC0-301F-11D3-BF4B-00C04F79EFBC}") = "Procedo.Example.MultiStagePromotion", "examples\Procedo.Example.MultiStagePromotion\Procedo.Example.MultiStagePromotion.csproj", "{B7626357-A6BF-4E64-BAA1-0523650CDDC3}"
EndProject
Project("{FAE04EC0-301F-11D3-BF4B-00C04F79EFBC}") = "Procedo.Core", "src\Procedo.Core\Procedo.Core.csproj", "{1838D509-0929-42D4-8E7E-1F430E474B2C}"
EndProject
Project("{FAE04EC0-301F-11D3-BF4B-00C04F79EFBC}") = "Procedo.DSL", "src\Procedo.DSL\Procedo.DSL.csproj", "{54A271BA-DD48-4ABB-9784-5D2CF3A0DAE5}"
EndProject
Project("{FAE04EC0-301F-11D3-BF4B-00C04F79EFBC}") = "Procedo.Expressions", "src\Procedo.Expressions\Procedo.Expressions.csproj", "{C3098525-FA2A-4F54-B25C-815679D7BF2C}"
EndProject
Project("{FAE04EC0-301F-11D3-BF4B-00C04F79EFBC}") = "Procedo.Observability", "src\Procedo.Observability\Procedo.Observability.csproj", "{BDDA6877-52DF-4E57-9D69-3B8FEB499596}"
EndProject
Project("{FAE04EC0-301F-11D3-BF4B-00C04F79EFBC}") = "Procedo.Persistence", "src\Procedo.Persistence\Procedo.Persistence.csproj", "{DCACB3BE-11C1-4EB7-9F44-516B88D3F99C}"
EndProject
Project("{FAE04EC0-301F-11D3-BF4B-00C04F79EFBC}") = "Procedo.Validation", "src\Procedo.Validation\Procedo.Validation.csproj", "{765590E9-CBEB-4EEA-9AE9-472B1D812DD8}"
EndProject
Project("{FAE04EC0-301F-11D3-BF4B-00C04F79EFBC}") = "Procedo.Example.CallbackResumeHost", "examples\Procedo.Example.CallbackResumeHost\Procedo.Example.CallbackResumeHost.csproj", "{8549AD50-B849-4D6B-A50D-031E7E60A227}"
EndProject
Project("{FAE04EC0-301F-11D3-BF4B-00C04F79EFBC}") = "Procedo.Example.AdvancedObservability", "examples\Procedo.Example.AdvancedObservability\Procedo.Example.AdvancedObservability.csproj", "{962C22A8-D07B-43C0-93CB-8462D736BAC3}"
EndProject
Project("{FAE04EC0-301F-11D3-BF4B-00C04F79EFBC}") = "Procedo.Example.ParityRunner", "examples\Procedo.Example.ParityRunner\Procedo.Example.ParityRunner.csproj", "{0561B540-A23F-467C-BFC0-967857B7E5DA}"
EndProject
Project("{FAE04EC0-301F-11D3-BF4B-00C04F79EFBC}") = "Procedo.Example.CustomResolverStore", "examples\Procedo.Example.CustomResolverStore\Procedo.Example.CustomResolverStore.csproj", "{71E6D3EC-80D2-4987-9499-2F0A94D64437}"
EndProject
Global
	GlobalSection(SolutionConfigurationPlatforms) = preSolution
		Debug|Any CPU = Debug|Any CPU
		Debug|x64 = Debug|x64
		Debug|x86 = Debug|x86
		Release|Any CPU = Release|Any CPU
		Release|x64 = Release|x64
		Release|x86 = Release|x86
	EndGlobalSection
	GlobalSection(ProjectConfigurationPlatforms) = postSolution
		{0E8A2420-17F4-45B7-9621-A505C6F3F938}.Debug|Any CPU.ActiveCfg = Debug|Any CPU
		{0E8A2420-17F4-45B7-9621-A505C6F3F938}.Debug|Any CPU.Build.0 = Debug|Any CPU
		{0E8A2420-17F4-45B7-9621-A505C6F3F938}.Debug|x64.ActiveCfg = Debug|Any CPU
		{0E8A2420-17F4-45B7-9621-A505C6F3F938}.Debug|x64.Build.0 = Debug|Any CPU
		{0E8A2420-17F4-45B7-9621-A505C6F3F938}.Debug|x86.ActiveCfg = Debug|Any CPU
		{0E8A2420-17F4-45B7-9621-A505C6F3F938}.Debug|x86.Build.0 = Debug|Any CPU
		{0E8A2420-17F4-45B7-9621-A505C6F3F938}.Release|Any CPU.ActiveCfg = Release|Any CPU
		{0E8A2420-17F4-45B7-9621-A505C6F3F938}.Release|Any CPU.Build.0 = Release|Any CPU
		{0E8A2420-17F4-45B7-9621-A505C6F3F938}.Release|x64.ActiveCfg = Release|Any CPU
		{0E8A2420-17F4-45B7-9621-A505C6F3F938}.Release|x64.Build.0 = Release|Any CPU
		{0E8A2420-17F4-45B7-9621-A505C6F3F938}.Release|x86.ActiveCfg = Release|Any CPU
		{0E8A2420-17F4-45B7-9621-A505C6F3F938}.Release|x86.Build.0 = Release|Any CPU
		{F348E153-8E37-46C7-8580-BE916A802C4A}.Debug|Any CPU.ActiveCfg = Debug|Any CPU
		{F348E153-8E37-46C7-8580-BE916A802C4A}.Debug|Any CPU.Build.0 = Debug|Any CPU
		{F348E153-8E37-46C7-8580-BE916A802C4A}.Debug|x64.ActiveCfg = Debug|Any CPU
		{F348E153-8E37-46C7-8580-BE916A802C4A}.Debug|x64.Build.0 = Debug|Any CPU
		{F348E153-8E37-46C7-8580-BE916A802C4A}.Debug|x86.ActiveCfg = Debug|Any CPU
		{F348E153-8E37-46C7-8580-BE916A802C4A}.Debug|x86.Build.0 = Debug|Any CPU
		{F348E153-8E37-46C7-8580-BE916A802C4A}.Release|Any CPU.ActiveCfg = Release|Any CPU
		{F348E153-8E37-46C7-8580-BE916A802C4A}.Release|Any CPU.Build.0 = Release|Any CPU
		{F348E153-8E37-46C7-8580-BE916A802C4A}.Release|x64.ActiveCfg = Release|Any CPU
		{F348E153-8E37-46C7-8580-BE916A802C4A}.Release|x64.Build.0 = Release|Any CPU
		{F348E153-8E37-46C7-8580-BE916A802C4A}.Release|x86.ActiveCfg = Release|Any CPU
		{F348E153-8E37-46C7-8580-BE916A802C4A}.Release|x86.Build.0 = Release|Any CPU
		{4D9E46D1-3E3F-4BD0-AF95-518E2FA3A883}.Debug|Any CPU.ActiveCfg = Debug|Any CPU
		{4D9E46D1-3E3F-4BD0-AF95-518E2FA3A883}.Debug|Any CPU.Build.0 = Debug|Any CPU
		{4D9E46D1-3E3F-4BD0-AF95-518E2FA3A883}.Debug|x64.ActiveCfg = Debug|Any CPU
		{4D9E46D1-3E3F-4BD0-AF95-518E2FA3A883}.Debug|x64.Build.0 = Debug|Any CPU
		{4D9E46D1-3E3F-4BD0-AF95-518E2FA3A883}.Debug|x86.ActiveCfg = Debug|Any CPU
		{4D9E46D1-3E3F-4BD0-AF95-518E2FA3A883}.Debug|x86.Build.0 = Debug|Any CPU
		{4D9E46D1-3E3F-4BD0-AF95-518E2FA3A883}.Release|Any CPU.ActiveCfg = Release|Any CPU
		{4D9E46D1-3E3F-4BD0-AF95-518E2FA3A883}.Release|Any CPU.Build.0 = Release|Any CPU
		{4D9E46D1-3E3F-4BD0-AF95-518E2FA3A883}.Release|x64.ActiveCfg = Release|Any CPU
		{4D9E46D1-3E3F-4BD0-AF95-518E2FA3A883}.Release|x64.Build.0 = Release|Any CPU
		{4D9E46D1-3E3F-4BD0-AF95-518E2FA3A883}.Release|x86.ActiveCfg = Release|Any CPU
		{4D9E46D1-3E3F-4BD0-AF95-518E2FA3A883}.Release|x86.Build.0 = Release|Any CPU
		{8C30EBA0-53F9-489D-81E2-55767993249B}.Debug|Any CPU.ActiveCfg = Debug|Any CPU
		{8C30EBA0-53F9-489D-81E2-55767993249B}.Debug|Any CPU.Build.0 = Debug|Any CPU
		{8C30EBA0-53F9-489D-81E2-55767993249B}.Debug|x64.ActiveCfg = Debug|Any CPU
		{8C30EBA0-53F9-489D-81E2-55767993249B}.Debug|x64.Build.0 = Debug|Any CPU
		{8C30EBA0-53F9-489D-81E2-55767993249B}.Debug|x86.ActiveCfg = Debug|Any CPU
		{8C30EBA0-53F9-489D-81E2-55767993249B}.Debug|x86.Build.0 = Debug|Any CPU
		{8C30EBA0-53F9-489D-81E2-55767993249B}.Release|Any CPU.ActiveCfg = Release|Any CPU
		{8C30EBA0-53F9-489D-81E2-55767993249B}.Release|Any CPU.Build.0 = Release|Any CPU
		{8C30EBA0-53F9-489D-81E2-55767993249B}.Release|x64.ActiveCfg = Release|Any CPU
		{8C30EBA0-53F9-489D-81E2-55767993249B}.Release|x64.Build.0 = Release|Any CPU
		{8C30EBA0-53F9-489D-81E2-55767993249B}.Release|x86.ActiveCfg = Release|Any CPU
		{8C30EBA0-53F9-489D-81E2-55767993249B}.Release|x86.Build.0 = Release|Any CPU
		{BAC1400F-3474-4AC9-BAE8-3C012935D296}.Debug|Any CPU.ActiveCfg = Debug|Any CPU
		{BAC1400F-3474-4AC9-BAE8-3C012935D296}.Debug|Any CPU.Build.0 = Debug|Any CPU
		{BAC1400F-3474-4AC9-BAE8-3C012935D296}.Debug|x64.ActiveCfg = Debug|Any CPU
		{BAC1400F-3474-4AC9-BAE8-3C012935D296}.Debug|x64.Build.0 = Debug|Any CPU
		{BAC1400F-3474-4AC9-BAE8-3C012935D296}.Debug|x86.ActiveCfg = Debug|Any CPU
		{BAC1400F-3474-4AC9-BAE8-3C012935D296}.Debug|x86.Build.0 = Debug|Any CPU
		{BAC1400F-3474-4AC9-BAE8-3C012935D296}.Release|Any CPU.ActiveCfg = Release|Any CPU
		{BAC1400F-3474-4AC9-BAE8-3C012935D296}.Release|Any CPU.Build.0 = Release|Any CPU
		{BAC1400F-3474-4AC9-BAE8-3C012935D296}.Release|x64.ActiveCfg = Release|Any CPU
		{BAC1400F-3474-4AC9-BAE8-3C012935D296}.Release|x64.Build.0 = Release|Any CPU
		{BAC1400F-3474-4AC9-BAE8-3C012935D296}.Release|x86.ActiveCfg = Release|Any CPU
		{BAC1400F-3474-4AC9-BAE8-3C012935D296}.Release|x86.Build.0 = Release|Any CPU
		{CA3B43A1-75D1-430F-AD2C-0EB24EEAE71C}.Debug|Any CPU.ActiveCfg = Debug|Any CPU
		{CA3B43A1-75D1-430F-AD2C-0EB24EEAE71C}.Debug|Any CPU.Build.0 = Debug|Any CPU
		{CA3B43A1-75D1-430F-AD2C-0EB24EEAE71C}.Debug|x64.ActiveCfg = Debug|Any CPU
		{CA3B43A1-75D1-430F-AD2C-0EB24EEAE71C}.Debug|x64.Build.0 = Debug|Any CPU
		{CA3B43A1-75D1-430F-AD2C-0EB24EEAE71C}.Debug|x86.ActiveCfg = Debug|Any CPU
		{CA3B43A1-75D1-430F-AD2C-0EB24EEAE71C}.Debug|x86.Build.0 = Debug|Any CPU
		{CA3B43A1-75D1-430F-AD2C-0EB24EEAE71C}.Release|Any CPU.ActiveCfg = Release|Any CPU
		{CA3B43A1-75D1-430F-AD2C-0EB24EEAE71C}.Release|Any CPU.Build.0 = Release|Any CPU
		{CA3B43A1-75D1-430F-AD2C-0EB24EEAE71C}.Release|x64.ActiveCfg = Release|Any CPU
		{CA3B43A1-75D1-430F-AD2C-0EB24EEAE71C}.Release|x64.Build.0 = Release|Any CPU
		{CA3B43A1-75D1-430F-AD2C-0EB24EEAE71C}.Release|x86.ActiveCfg = Release|Any CPU
		{CA3B43A1-75D1-430F-AD2C-0EB24EEAE71C}.Release|x86.Build.0 = Release|Any CPU
		{134B1ABA-A4C4-4485-A7C6-01EB49A83529}.Debug|Any CPU.ActiveCfg = Debug|Any CPU
		{134B1ABA-A4C4-4485-A7C6-01EB49A83529}.Debug|Any CPU.Build.0 = Debug|Any CPU
		{134B1ABA-A4C4-4485-A7C6-01EB49A83529}.Debug|x64.ActiveCfg = Debug|Any CPU
		{134B1ABA-A4C4-4485-A7C6-01EB49A83529}.Debug|x64.Build.0 = Debug|Any CPU
		{134B1ABA-A4C4-4485-A7C6-01EB49A83529}.Debug|x86.ActiveCfg = Debug|Any CPU
		{134B1ABA-A4C4-4485-A7C6-01EB49A83529}.Debug|x86.Build.0 = Debug|Any CPU
		{134B1ABA-A4C4-4485-A7C6-01EB49A83529}.Release|Any CPU.ActiveCfg = Release|Any CPU
		{134B1ABA-A4C4-4485-A7C6-01EB49A83529}.Release|Any CPU.Build.0 = Release|Any CPU
		{134B1ABA-A4C4-4485-A7C6-01EB49A83529}.Release|x64.ActiveCfg = Release|Any CPU
		{134B1ABA-A4C4-4485-A7C6-01EB49A83529}.Release|x64.Build.0 = Release|Any CPU
		{134B1ABA-A4C4-4485-A7C6-01EB49A83529}.Release|x86.ActiveCfg = Release|Any CPU
		{134B1ABA-A4C4-4485-A7C6-01EB49A83529}.Release|x86.Build.0 = Release|Any CPU
		{E1A5D60E-55C2-4A8C-88AA-5B3A13231530}.Debug|Any CPU.ActiveCfg = Debug|Any CPU
		{E1A5D60E-55C2-4A8C-88AA-5B3A13231530}.Debug|Any CPU.Build.0 = Debug|Any CPU
		{E1A5D60E-55C2-4A8C-88AA-5B3A13231530}.Debug|x64.ActiveCfg = Debug|Any CPU
		{E1A5D60E-55C2-4A8C-88AA-5B3A13231530}.Debug|x64.Build.0 = Debug|Any CPU
		{E1A5D60E-55C2-4A8C-88AA-5B3A13231530}.Debug|x86.ActiveCfg = Debug|Any CPU
		{E1A5D60E-55C2-4A8C-88AA-5B3A13231530}.Debug|x86.Build.0 = Debug|Any CPU
		{E1A5D60E-55C2-4A8C-88AA-5B3A13231530}.Release|Any CPU.ActiveCfg = Release|Any CPU
		{E1A5D60E-55C2-4A8C-88AA-5B3A13231530}.Release|Any CPU.Build.0 = Release|Any CPU
		{E1A5D60E-55C2-4A8C-88AA-5B3A13231530}.Release|x64.ActiveCfg = Release|Any CPU
		{E1A5D60E-55C2-4A8C-88AA-5B3A13231530}.Release|x64.Build.0 = Release|Any CPU
		{E1A5D60E-55C2-4A8C-88AA-5B3A13231530}.Release|x86.ActiveCfg = Release|Any CPU
		{E1A5D60E-55C2-4A8C-88AA-5B3A13231530}.Release|x86.Build.0 = Release|Any CPU
		{21061B49-BC07-46F7-B0CC-81A4727A723E}.Debug|Any CPU.ActiveCfg = Debug|Any CPU
		{21061B49-BC07-46F7-B0CC-81A4727A723E}.Debug|Any CPU.Build.0 = Debug|Any CPU
		{21061B49-BC07-46F7-B0CC-81A4727A723E}.Debug|x64.ActiveCfg = Debug|Any CPU
		{21061B49-BC07-46F7-B0CC-81A4727A723E}.Debug|x64.Build.0 = Debug|Any CPU
		{21061B49-BC07-46F7-B0CC-81A4727A723E}.Debug|x86.ActiveCfg = Debug|Any CPU
		{21061B49-BC07-46F7-B0CC-81A4727A723E}.Debug|x86.Build.0 = Debug|Any CPU
		{21061B49-BC07-46F7-B0CC-81A4727A723E}.Release|Any CPU.ActiveCfg = Release|Any CPU
		{21061B49-BC07-46F7-B0CC-81A4727A723E}.Release|Any CPU.Build.0 = Release|Any CPU
		{21061B49-BC07-46F7-B0CC-81A4727A723E}.Release|x64.ActiveCfg = Release|Any CPU
		{21061B49-BC07-46F7-B0CC-81A4727A723E}.Release|x64.Build.0 = Release|Any CPU
		{21061B49-BC07-46F7-B0CC-81A4727A723E}.Release|x86.ActiveCfg = Release|Any CPU
		{21061B49-BC07-46F7-B0CC-81A4727A723E}.Release|x86.Build.0 = Release|Any CPU
		{6B26A024-D699-4CDD-BEAE-CC1379C80D1C}.Debug|Any CPU.ActiveCfg = Debug|Any CPU
		{6B26A024-D699-4CDD-BEAE-CC1379C80D1C}.Debug|Any CPU.Build.0 = Debug|Any CPU
		{6B26A024-D699-4CDD-BEAE-CC1379C80D1C}.Debug|x64.ActiveCfg = Debug|Any CPU
		{6B26A024-D699-4CDD-BEAE-CC1379C80D1C}.Debug|x64.Build.0 = Debug|Any CPU
		{6B26A024-D699-4CDD-BEAE-CC1379C80D1C}.Debug|x86.ActiveCfg = Debug|Any CPU
		{6B26A024-D699-4CDD-BEAE-CC1379C80D1C}.Debug|x86.Build.0 = Debug|Any CPU
		{6B26A024-D699-4CDD-BEAE-CC1379C80D1C}.Release|Any CPU.ActiveCfg = Release|Any CPU
		{6B26A024-D699-4CDD-BEAE-CC1379C80D1C}.Release|Any CPU.Build.0 = Release|Any CPU
		{6B26A024-D699-4CDD-BEAE-CC1379C80D1C}.Release|x64.ActiveCfg = Release|Any CPU
		{6B26A024-D699-4CDD-BEAE-CC1379C80D1C}.Release|x64.Build.0 = Release|Any CPU
		{6B26A024-D699-4CDD-BEAE-CC1379C80D1C}.Release|x86.ActiveCfg = Release|Any CPU
		{6B26A024-D699-4CDD-BEAE-CC1379C80D1C}.Release|x86.Build.0 = Release|Any CPU
		{B9E17168-1E59-43E5-9360-62C540DBA001}.Debug|Any CPU.ActiveCfg = Debug|Any CPU
		{B9E17168-1E59-43E5-9360-62C540DBA001}.Debug|Any CPU.Build.0 = Debug|Any CPU
		{B9E17168-1E59-43E5-9360-62C540DBA001}.Debug|x64.ActiveCfg = Debug|Any CPU
		{B9E17168-1E59-43E5-9360-62C540DBA001}.Debug|x64.Build.0 = Debug|Any CPU
		{B9E17168-1E59-43E5-9360-62C540DBA001}.Debug|x86.ActiveCfg = Debug|Any CPU
		{B9E17168-1E59-43E5-9360-62C540DBA001}.Debug|x86.Build.0 = Debug|Any CPU
		{B9E17168-1E59-43E5-9360-62C540DBA001}.Release|Any CPU.ActiveCfg = Release|Any CPU
		{B9E17168-1E59-43E5-9360-62C540DBA001}.Release|Any CPU.Build.0 = Release|Any CPU
		{B9E17168-1E59-43E5-9360-62C540DBA001}.Release|x64.ActiveCfg = Release|Any CPU
		{B9E17168-1E59-43E5-9360-62C540DBA001}.Release|x64.Build.0 = Release|Any CPU
		{B9E17168-1E59-43E5-9360-62C540DBA001}.Release|x86.ActiveCfg = Release|Any CPU
		{B9E17168-1E59-43E5-9360-62C540DBA001}.Release|x86.Build.0 = Release|Any CPU
		{4FA96263-3BBF-4720-9FF4-B3A708A16E62}.Debug|Any CPU.ActiveCfg = Debug|Any CPU
		{4FA96263-3BBF-4720-9FF4-B3A708A16E62}.Debug|Any CPU.Build.0 = Debug|Any CPU
		{4FA96263-3BBF-4720-9FF4-B3A708A16E62}.Debug|x64.ActiveCfg = Debug|Any CPU
		{4FA96263-3BBF-4720-9FF4-B3A708A16E62}.Debug|x64.Build.0 = Debug|Any CPU
		{4FA96263-3BBF-4720-9FF4-B3A708A16E62}.Debug|x86.ActiveCfg = Debug|Any CPU
		{4FA96263-3BBF-4720-9FF4-B3A708A16E62}.Debug|x86.Build.0 = Debug|Any CPU
		{4FA96263-3BBF-4720-9FF4-B3A708A16E62}.Release|Any CPU.ActiveCfg = Release|Any CPU
		{4FA96263-3BBF-4720-9FF4-B3A708A16E62}.Release|Any CPU.Build.0 = Release|Any CPU
		{4FA96263-3BBF-4720-9FF4-B3A708A16E62}.Release|x64.ActiveCfg = Release|Any CPU
		{4FA96263-3BBF-4720-9FF4-B3A708A16E62}.Release|x64.Build.0 = Release|Any CPU
		{4FA96263-3BBF-4720-9FF4-B3A708A16E62}.Release|x86.ActiveCfg = Release|Any CPU
		{4FA96263-3BBF-4720-9FF4-B3A708A16E62}.Release|x86.Build.0 = Release|Any CPU
		{5A117705-A9AA-4F12-B8D4-664872C6632A}.Debug|Any CPU.ActiveCfg = Debug|Any CPU
		{5A117705-A9AA-4F12-B8D4-664872C6632A}.Debug|Any CPU.Build.0 = Debug|Any CPU
		{5A117705-A9AA-4F12-B8D4-664872C6632A}.Debug|x64.ActiveCfg = Debug|Any CPU
		{5A117705-A9AA-4F12-B8D4-664872C6632A}.Debug|x64.Build.0 = Debug|Any CPU
		{5A117705-A9AA-4F12-B8D4-664872C6632A}.Debug|x86.ActiveCfg = Debug|Any CPU
		{5A117705-A9AA-4F12-B8D4-664872C6632A}.Debug|x86.Build.0 = Debug|Any CPU
		{5A117705-A9AA-4F12-B8D4-664872C6632A}.Release|Any CPU.ActiveCfg = Release|Any CPU
		{5A117705-A9AA-4F12-B8D4-664872C6632A}.Release|Any CPU.Build.0 = Release|Any CPU
		{5A117705-A9AA-4F12-B8D4-664872C6632A}.Release|x64.ActiveCfg = Release|Any CPU
		{5A117705-A9AA-4F12-B8D4-664872C6632A}.Release|x64.Build.0 = Release|Any CPU
		{5A117705-A9AA-4F12-B8D4-664872C6632A}.Release|x86.ActiveCfg = Release|Any CPU
		{5A117705-A9AA-4F12-B8D4-664872C6632A}.Release|x86.Build.0 = Release|Any CPU
		{4AAFA276-0051-4D36-9E17-92E9D8AAB6BA}.Debug|Any CPU.ActiveCfg = Debug|Any CPU
		{4AAFA276-0051-4D36-9E17-92E9D8AAB6BA}.Debug|Any CPU.Build.0 = Debug|Any CPU
		{4AAFA276-0051-4D36-9E17-92E9D8AAB6BA}.Debug|x64.ActiveCfg = Debug|Any CPU
		{4AAFA276-0051-4D36-9E17-92E9D8AAB6BA}.Debug|x64.Build.0 = Debug|Any CPU
		{4AAFA276-0051-4D36-9E17-92E9D8AAB6BA}.Debug|x86.ActiveCfg = Debug|Any CPU
		{4AAFA276-0051-4D36-9E17-92E9D8AAB6BA}.Debug|x86.Build.0 = Debug|Any CPU
		{4AAFA276-0051-4D36-9E17-92E9D8AAB6BA}.Release|Any CPU.ActiveCfg = Release|Any CPU
		{4AAFA276-0051-4D36-9E17-92E9D8AAB6BA}.Release|Any CPU.Build.0 = Release|Any CPU
		{4AAFA276-0051-4D36-9E17-92E9D8AAB6BA}.Release|x64.ActiveCfg = Release|Any CPU
		{4AAFA276-0051-4D36-9E17-92E9D8AAB6BA}.Release|x64.Build.0 = Release|Any CPU
		{4AAFA276-0051-4D36-9E17-92E9D8AAB6BA}.Release|x86.ActiveCfg = Release|Any CPU
		{4AAFA276-0051-4D36-9E17-92E9D8AAB6BA}.Release|x86.Build.0 = Release|Any CPU
		{ED50451C-5246-40C3-B686-EC9A6687DB5E}.Debug|Any CPU.ActiveCfg = Debug|Any CPU
		{ED50451C-5246-40C3-B686-EC9A6687DB5E}.Debug|Any CPU.Build.0 = Debug|Any CPU
		{ED50451C-5246-40C3-B686-EC9A6687DB5E}.Debug|x64.ActiveCfg = Debug|Any CPU
		{ED50451C-5246-40C3-B686-EC9A6687DB5E}.Debug|x64.Build.0 = Debug|Any CPU
		{ED50451C-5246-40C3-B686-EC9A6687DB5E}.Debug|x86.ActiveCfg = Debug|Any CPU
		{ED50451C-5246-40C3-B686-EC9A6687DB5E}.Debug|x86.Build.0 = Debug|Any CPU
		{ED50451C-5246-40C3-B686-EC9A6687DB5E}.Release|Any CPU.ActiveCfg = Release|Any CPU
		{ED50451C-5246-40C3-B686-EC9A6687DB5E}.Release|Any CPU.Build.0 = Release|Any CPU
		{ED50451C-5246-40C3-B686-EC9A6687DB5E}.Release|x64.ActiveCfg = Release|Any CPU
		{ED50451C-5246-40C3-B686-EC9A6687DB5E}.Release|x64.Build.0 = Release|Any CPU
		{ED50451C-5246-40C3-B686-EC9A6687DB5E}.Release|x86.ActiveCfg = Release|Any CPU
		{ED50451C-5246-40C3-B686-EC9A6687DB5E}.Release|x86.Build.0 = Release|Any CPU
		{26A33A4E-D77F-4AE5-9919-2B4682536684}.Debug|Any CPU.ActiveCfg = Debug|Any CPU
		{26A33A4E-D77F-4AE5-9919-2B4682536684}.Debug|Any CPU.Build.0 = Debug|Any CPU
		{26A33A4E-D77F-4AE5-9919-2B4682536684}.Debug|x64.ActiveCfg = Debug|Any CPU
		{26A33A4E-D77F-4AE5-9919-2B4682536684}.Debug|x64.Build.0 = Debug|Any CPU
		{26A33A4E-D77F-4AE5-9919-2B4682536684}.Debug|x86.ActiveCfg = Debug|Any CPU
		{26A33A4E-D77F-4AE5-9919-2B4682536684}.Debug|x86.Build.0 = Debug|Any CPU
		{26A33A4E-D77F-4AE5-9919-2B4682536684}.Release|Any CPU.ActiveCfg = Release|Any CPU
		{26A33A4E-D77F-4AE5-9919-2B4682536684}.Release|Any CPU.Build.0 = Release|Any CPU
		{26A33A4E-D77F-4AE5-9919-2B4682536684}.Release|x64.ActiveCfg = Release|Any CPU
		{26A33A4E-D77F-4AE5-9919-2B4682536684}.Release|x64.Build.0 = Release|Any CPU
		{26A33A4E-D77F-4AE5-9919-2B4682536684}.Release|x86.ActiveCfg = Release|Any CPU
		{26A33A4E-D77F-4AE5-9919-2B4682536684}.Release|x86.Build.0 = Release|Any CPU
		{A82DD82D-D42E-4E2B-A372-BD9B4DA3E5A2}.Debug|Any CPU.ActiveCfg = Debug|Any CPU
		{A82DD82D-D42E-4E2B-A372-BD9B4DA3E5A2}.Debug|Any CPU.Build.0 = Debug|Any CPU
		{A82DD82D-D42E-4E2B-A372-BD9B4DA3E5A2}.Debug|x64.ActiveCfg = Debug|Any CPU
		{A82DD82D-D42E-4E2B-A372-BD9B4DA3E5A2}.Debug|x64.Build.0 = Debug|Any CPU
		{A82DD82D-D42E-4E2B-A372-BD9B4DA3E5A2}.Debug|x86.ActiveCfg = Debug|Any CPU
		{A82DD82D-D42E-4E2B-A372-BD9B4DA3E5A2}.Debug|x86.Build.0 = Debug|Any CPU
		{A82DD82D-D42E-4E2B-A372-BD9B4DA3E5A2}.Release|Any CPU.ActiveCfg = Release|Any CPU
		{A82DD82D-D42E-4E2B-A372-BD9B4DA3E5A2}.Release|Any CPU.Build.0 = Release|Any CPU
		{A82DD82D-D42E-4E2B-A372-BD9B4DA3E5A2}.Release|x64.ActiveCfg = Release|Any CPU
		{A82DD82D-D42E-4E2B-A372-BD9B4DA3E5A2}.Release|x64.Build.0 = Release|Any CPU
		{A82DD82D-D42E-4E2B-A372-BD9B4DA3E5A2}.Release|x86.ActiveCfg = Release|Any CPU
		{A82DD82D-D42E-4E2B-A372-BD9B4DA3E5A2}.Release|x86.Build.0 = Release|Any CPU
		{D4438598-A60E-4442-A589-445F18F64A7B}.Debug|Any CPU.ActiveCfg = Debug|Any CPU
		{D4438598-A60E-4442-A589-445F18F64A7B}.Debug|Any CPU.Build.0 = Debug|Any CPU
		{D4438598-A60E-4442-A589-445F18F64A7B}.Debug|x64.ActiveCfg = Debug|Any CPU
		{D4438598-A60E-4442-A589-445F18F64A7B}.Debug|x64.Build.0 = Debug|Any CPU
		{D4438598-A60E-4442-A589-445F18F64A7B}.Debug|x86.ActiveCfg = Debug|Any CPU
		{D4438598-A60E-4442-A589-445F18F64A7B}.Debug|x86.Build.0 = Debug|Any CPU
		{D4438598-A60E-4442-A589-445F18F64A7B}.Release|Any CPU.ActiveCfg = Release|Any CPU
		{D4438598-A60E-4442-A589-445F18F64A7B}.Release|Any CPU.Build.0 = Release|Any CPU
		{D4438598-A60E-4442-A589-445F18F64A7B}.Release|x64.ActiveCfg = Release|Any CPU
		{D4438598-A60E-4442-A589-445F18F64A7B}.Release|x64.Build.0 = Release|Any CPU
		{D4438598-A60E-4442-A589-445F18F64A7B}.Release|x86.ActiveCfg = Release|Any CPU
		{D4438598-A60E-4442-A589-445F18F64A7B}.Release|x86.Build.0 = Release|Any CPU
		{62B3362D-D258-4CA5-86CE-A2019EAA23C5}.Debug|Any CPU.ActiveCfg = Debug|Any CPU
		{62B3362D-D258-4CA5-86CE-A2019EAA23C5}.Debug|Any CPU.Build.0 = Debug|Any CPU
		{62B3362D-D258-4CA5-86CE-A2019EAA23C5}.Debug|x64.ActiveCfg = Debug|Any CPU
		{62B3362D-D258-4CA5-86CE-A2019EAA23C5}.Debug|x64.Build.0 = Debug|Any CPU
		{62B3362D-D258-4CA5-86CE-A2019EAA23C5}.Debug|x86.ActiveCfg = Debug|Any CPU
		{62B3362D-D258-4CA5-86CE-A2019EAA23C5}.Debug|x86.Build.0 = Debug|Any CPU
		{62B3362D-D258-4CA5-86CE-A2019EAA23C5}.Release|Any CPU.ActiveCfg = Release|Any CPU
		{62B3362D-D258-4CA5-86CE-A2019EAA23C5}.Release|Any CPU.Build.0 = Release|Any CPU
		{62B3362D-D258-4CA5-86CE-A2019EAA23C5}.Release|x64.ActiveCfg = Release|Any CPU
		{62B3362D-D258-4CA5-86CE-A2019EAA23C5}.Release|x64.Build.0 = Release|Any CPU
		{62B3362D-D258-4CA5-86CE-A2019EAA23C5}.Release|x86.ActiveCfg = Release|Any CPU
		{62B3362D-D258-4CA5-86CE-A2019EAA23C5}.Release|x86.Build.0 = Release|Any CPU
		{0650DBEE-5B37-4629-9FC5-D984B93CA8BB}.Debug|Any CPU.ActiveCfg = Debug|Any CPU
		{0650DBEE-5B37-4629-9FC5-D984B93CA8BB}.Debug|Any CPU.Build.0 = Debug|Any CPU
		{0650DBEE-5B37-4629-9FC5-D984B93CA8BB}.Debug|x64.ActiveCfg = Debug|Any CPU
		{0650DBEE-5B37-4629-9FC5-D984B93CA8BB}.Debug|x64.Build.0 = Debug|Any CPU
		{0650DBEE-5B37-4629-9FC5-D984B93CA8BB}.Debug|x86.ActiveCfg = Debug|Any CPU
		{0650DBEE-5B37-4629-9FC5-D984B93CA8BB}.Debug|x86.Build.0 = Debug|Any CPU
		{0650DBEE-5B37-4629-9FC5-D984B93CA8BB}.Release|Any CPU.ActiveCfg = Release|Any CPU
		{0650DBEE-5B37-4629-9FC5-D984B93CA8BB}.Release|Any CPU.Build.0 = Release|Any CPU
		{0650DBEE-5B37-4629-9FC5-D984B93CA8BB}.Release|x64.ActiveCfg = Release|Any CPU
		{0650DBEE-5B37-4629-9FC5-D984B93CA8BB}.Release|x64.Build.0 = Release|Any CPU
		{0650DBEE-5B37-4629-9FC5-D984B93CA8BB}.Release|x86.ActiveCfg = Release|Any CPU
		{0650DBEE-5B37-4629-9FC5-D984B93CA8BB}.Release|x86.Build.0 = Release|Any CPU
		{B15CE2FC-FCC0-48D1-BC03-0F389997C47E}.Debug|Any CPU.ActiveCfg = Debug|Any CPU
		{B15CE2FC-FCC0-48D1-BC03-0F389997C47E}.Debug|Any CPU.Build.0 = Debug|Any CPU
		{B15CE2FC-FCC0-48D1-BC03-0F389997C47E}.Debug|x64.ActiveCfg = Debug|Any CPU
		{B15CE2FC-FCC0-48D1-BC03-0F389997C47E}.Debug|x64.Build.0 = Debug|Any CPU
		{B15CE2FC-FCC0-48D1-BC03-0F389997C47E}.Debug|x86.ActiveCfg = Debug|Any CPU
		{B15CE2FC-FCC0-48D1-BC03-0F389997C47E}.Debug|x86.Build.0 = Debug|Any CPU
		{B15CE2FC-FCC0-48D1-BC03-0F389997C47E}.Release|Any CPU.ActiveCfg = Release|Any CPU
		{B15CE2FC-FCC0-48D1-BC03-0F389997C47E}.Release|Any CPU.Build.0 = Release|Any CPU
		{B15CE2FC-FCC0-48D1-BC03-0F389997C47E}.Release|x64.ActiveCfg = Release|Any CPU
		{B15CE2FC-FCC0-48D1-BC03-0F389997C47E}.Release|x64.Build.0 = Release|Any CPU
		{B15CE2FC-FCC0-48D1-BC03-0F389997C47E}.Release|x86.ActiveCfg = Release|Any CPU
		{B15CE2FC-FCC0-48D1-BC03-0F389997C47E}.Release|x86.Build.0 = Release|Any CPU
		{EAEFDEAF-C37B-40F3-B647-E5E938F86C25}.Debug|Any CPU.ActiveCfg = Debug|Any CPU
		{EAEFDEAF-C37B-40F3-B647-E5E938F86C25}.Debug|Any CPU.Build.0 = Debug|Any CPU
		{EAEFDEAF-C37B-40F3-B647-E5E938F86C25}.Debug|x64.ActiveCfg = Debug|Any CPU
		{EAEFDEAF-C37B-40F3-B647-E5E938F86C25}.Debug|x64.Build.0 = Debug|Any CPU
		{EAEFDEAF-C37B-40F3-B647-E5E938F86C25}.Debug|x86.ActiveCfg = Debug|Any CPU
		{EAEFDEAF-C37B-40F3-B647-E5E938F86C25}.Debug|x86.Build.0 = Debug|Any CPU
		{EAEFDEAF-C37B-40F3-B647-E5E938F86C25}.Release|Any CPU.ActiveCfg = Release|Any CPU
		{EAEFDEAF-C37B-40F3-B647-E5E938F86C25}.Release|Any CPU.Build.0 = Release|Any CPU
		{EAEFDEAF-C37B-40F3-B647-E5E938F86C25}.Release|x64.ActiveCfg = Release|Any CPU
		{EAEFDEAF-C37B-40F3-B647-E5E938F86C25}.Release|x64.Build.0 = Release|Any CPU
		{EAEFDEAF-C37B-40F3-B647-E5E938F86C25}.Release|x86.ActiveCfg = Release|Any CPU
		{EAEFDEAF-C37B-40F3-B647-E5E938F86C25}.Release|x86.Build.0 = Release|Any CPU
		{E44D513D-CCFE-4614-8E82-B1905EE9C147}.Debug|Any CPU.ActiveCfg = Debug|Any CPU
		{E44D513D-CCFE-4614-8E82-B1905EE9C147}.Debug|Any CPU.Build.0 = Debug|Any CPU
		{E44D513D-CCFE-4614-8E82-B1905EE9C147}.Debug|x64.ActiveCfg = Debug|Any CPU
		{E44D513D-CCFE-4614-8E82-B1905EE9C147}.Debug|x64.Build.0 = Debug|Any CPU
		{E44D513D-CCFE-4614-8E82-B1905EE9C147}.Debug|x86.ActiveCfg = Debug|Any CPU
		{E44D513D-CCFE-4614-8E82-B1905EE9C147}.Debug|x86.Build.0 = Debug|Any CPU
		{E44D513D-CCFE-4614-8E82-B1905EE9C147}.Release|Any CPU.ActiveCfg = Release|Any CPU
		{E44D513D-CCFE-4614-8E82-B1905EE9C147}.Release|Any CPU.Build.0 = Release|Any CPU
		{E44D513D-CCFE-4614-8E82-B1905EE9C147}.Release|x64.ActiveCfg = Release|Any CPU
		{E44D513D-CCFE-4614-8E82-B1905EE9C147}.Release|x64.Build.0 = Release|Any CPU
		{E44D513D-CCFE-4614-8E82-B1905EE9C147}.Release|x86.ActiveCfg = Release|Any CPU
		{E44D513D-CCFE-4614-8E82-B1905EE9C147}.Release|x86.Build.0 = Release|Any CPU
		{8847CB46-D354-44FC-B81E-1C7439DC9AA9}.Debug|Any CPU.ActiveCfg = Debug|Any CPU
		{8847CB46-D354-44FC-B81E-1C7439DC9AA9}.Debug|Any CPU.Build.0 = Debug|Any CPU
		{8847CB46-D354-44FC-B81E-1C7439DC9AA9}.Debug|x64.ActiveCfg = Debug|Any CPU
		{8847CB46-D354-44FC-B81E-1C7439DC9AA9}.Debug|x64.Build.0 = Debug|Any CPU
		{8847CB46-D354-44FC-B81E-1C7439DC9AA9}.Debug|x86.ActiveCfg = Debug|Any CPU
		{8847CB46-D354-44FC-B81E-1C7439DC9AA9}.Debug|x86.Build.0 = Debug|Any CPU
		{8847CB46-D354-44FC-B81E-1C7439DC9AA9}.Release|Any CPU.ActiveCfg = Release|Any CPU
		{8847CB46-D354-44FC-B81E-1C7439DC9AA9}.Release|Any CPU.Build.0 = Release|Any CPU
		{8847CB46-D354-44FC-B81E-1C7439DC9AA9}.Release|x64.ActiveCfg = Release|Any CPU
		{8847CB46-D354-44FC-B81E-1C7439DC9AA9}.Release|x64.Build.0 = Release|Any CPU
		{8847CB46-D354-44FC-B81E-1C7439DC9AA9}.Release|x86.ActiveCfg = Release|Any CPU
		{8847CB46-D354-44FC-B81E-1C7439DC9AA9}.Release|x86.Build.0 = Release|Any CPU
		{B25BBBB1-B5A2-446B-BF1A-71C693AC0392}.Debug|Any CPU.ActiveCfg = Debug|Any CPU
		{B25BBBB1-B5A2-446B-BF1A-71C693AC0392}.Debug|Any CPU.Build.0 = Debug|Any CPU
		{B25BBBB1-B5A2-446B-BF1A-71C693AC0392}.Debug|x64.ActiveCfg = Debug|Any CPU
		{B25BBBB1-B5A2-446B-BF1A-71C693AC0392}.Debug|x64.Build.0 = Debug|Any CPU
		{B25BBBB1-B5A2-446B-BF1A-71C693AC0392}.Debug|x86.ActiveCfg = Debug|Any CPU
		{B25BBBB1-B5A2-446B-BF1A-71C693AC0392}.Debug|x86.Build.0 = Debug|Any CPU
		{B25BBBB1-B5A2-446B-BF1A-71C693AC0392}.Release|Any CPU.ActiveCfg = Release|Any CPU
		{B25BBBB1-B5A2-446B-BF1A-71C693AC0392}.Release|Any CPU.Build.0 = Release|Any CPU
		{B25BBBB1-B5A2-446B-BF1A-71C693AC0392}.Release|x64.ActiveCfg = Release|Any CPU
		{B25BBBB1-B5A2-446B-BF1A-71C693AC0392}.Release|x64.Build.0 = Release|Any CPU
		{B25BBBB1-B5A2-446B-BF1A-71C693AC0392}.Release|x86.ActiveCfg = Release|Any CPU
		{B25BBBB1-B5A2-446B-BF1A-71C693AC0392}.Release|x86.Build.0 = Release|Any CPU
		{587ED83D-B39E-490E-873A-DBC88718B33E}.Debug|Any CPU.ActiveCfg = Debug|Any CPU
		{587ED83D-B39E-490E-873A-DBC88718B33E}.Debug|Any CPU.Build.0 = Debug|Any CPU
		{587ED83D-B39E-490E-873A-DBC88718B33E}.Debug|x64.ActiveCfg = Debug|Any CPU
		{587ED83D-B39E-490E-873A-DBC88718B33E}.Debug|x64.Build.0 = Debug|Any CPU
		{587ED83D-B39E-490E-873A-DBC88718B33E}.Debug|x86.ActiveCfg = Debug|Any CPU
		{587ED83D-B39E-490E-873A-DBC88718B33E}.Debug|x86.Build.0 = Debug|Any CPU
		{587ED83D-B39E-490E-873A-DBC88718B33E}.Release|Any CPU.ActiveCfg = Release|Any CPU
		{587ED83D-B39E-490E-873A-DBC88718B33E}.Release|Any CPU.Build.0 = Release|Any CPU
		{587ED83D-B39E-490E-873A-DBC88718B33E}.Release|x64.ActiveCfg = Release|Any CPU
		{587ED83D-B39E-490E-873A-DBC88718B33E}.Release|x64.Build.0 = Release|Any CPU
		{587ED83D-B39E-490E-873A-DBC88718B33E}.Release|x86.ActiveCfg = Release|Any CPU
		{587ED83D-B39E-490E-873A-DBC88718B33E}.Release|x86.Build.0 = Release|Any CPU
		{C268C99A-D546-4A1B-8AE5-84DF2E0922E3}.Debug|Any CPU.ActiveCfg = Debug|Any CPU
		{C268C99A-D546-4A1B-8AE5-84DF2E0922E3}.Debug|Any CPU.Build.0 = Debug|Any CPU
		{C268C99A-D546-4A1B-8AE5-84DF2E0922E3}.Debug|x64.ActiveCfg = Debug|Any CPU
		{C268C99A-D546-4A1B-8AE5-84DF2E0922E3}.Debug|x64.Build.0 = Debug|Any CPU
		{C268C99A-D546-4A1B-8AE5-84DF2E0922E3}.Debug|x86.ActiveCfg = Debug|Any CPU
		{C268C99A-D546-4A1B-8AE5-84DF2E0922E3}.Debug|x86.Build.0 = Debug|Any CPU
		{C268C99A-D546-4A1B-8AE5-84DF2E0922E3}.Release|Any CPU.ActiveCfg = Release|Any CPU
		{C268C99A-D546-4A1B-8AE5-84DF2E0922E3}.Release|Any CPU.Build.0 = Release|Any CPU
		{C268C99A-D546-4A1B-8AE5-84DF2E0922E3}.Release|x64.ActiveCfg = Release|Any CPU
		{C268C99A-D546-4A1B-8AE5-84DF2E0922E3}.Release|x64.Build.0 = Release|Any CPU
		{C268C99A-D546-4A1B-8AE5-84DF2E0922E3}.Release|x86.ActiveCfg = Release|Any CPU
		{C268C99A-D546-4A1B-8AE5-84DF2E0922E3}.Release|x86.Build.0 = Release|Any CPU
		{B7626357-A6BF-4E64-BAA1-0523650CDDC3}.Debug|Any CPU.ActiveCfg = Debug|Any CPU
		{B7626357-A6BF-4E64-BAA1-0523650CDDC3}.Debug|Any CPU.Build.0 = Debug|Any CPU
		{B7626357-A6BF-4E64-BAA1-0523650CDDC3}.Debug|x64.ActiveCfg = Debug|Any CPU
		{B7626357-A6BF-4E64-BAA1-0523650CDDC3}.Debug|x64.Build.0 = Debug|Any CPU
		{B7626357-A6BF-4E64-BAA1-0523650CDDC3}.Debug|x86.ActiveCfg = Debug|Any CPU
		{B7626357-A6BF-4E64-BAA1-0523650CDDC3}.Debug|x86.Build.0 = Debug|Any CPU
		{B7626357-A6BF-4E64-BAA1-0523650CDDC3}.Release|Any CPU.ActiveCfg = Release|Any CPU
		{B7626357-A6BF-4E64-BAA1-0523650CDDC3}.Release|Any CPU.Build.0 = Release|Any CPU
		{B7626357-A6BF-4E64-BAA1-0523650CDDC3}.Release|x64.ActiveCfg = Release|Any CPU
		{B7626357-A6BF-4E64-BAA1-0523650CDDC3}.Release|x64.Build.0 = Release|Any CPU
		{B7626357-A6BF-4E64-BAA1-0523650CDDC3}.Release|x86.ActiveCfg = Release|Any CPU
		{B7626357-A6BF-4E64-BAA1-0523650CDDC3}.Release|x86.Build.0 = Release|Any CPU
		{1838D509-0929-42D4-8E7E-1F430E474B2C}.Debug|Any CPU.ActiveCfg = Debug|Any CPU
		{1838D509-0929-42D4-8E7E-1F430E474B2C}.Debug|Any CPU.Build.0 = Debug|Any CPU
		{1838D509-0929-42D4-8E7E-1F430E474B2C}.Debug|x64.ActiveCfg = Debug|Any CPU
		{1838D509-0929-42D4-8E7E-1F430E474B2C}.Debug|x64.Build.0 = Debug|Any CPU
		{1838D509-0929-42D4-8E7E-1F430E474B2C}.Debug|x86.ActiveCfg = Debug|Any CPU
		{1838D509-0929-42D4-8E7E-1F430E474B2C}.Debug|x86.Build.0 = Debug|Any CPU
		{1838D509-0929-42D4-8E7E-1F430E474B2C}.Release|Any CPU.ActiveCfg = Release|Any CPU
		{1838D509-0929-42D4-8E7E-1F430E474B2C}.Release|Any CPU.Build.0 = Release|Any CPU
		{1838D509-0929-42D4-8E7E-1F430E474B2C}.Release|x64.ActiveCfg = Release|Any CPU
		{1838D509-0929-42D4-8E7E-1F430E474B2C}.Release|x64.Build.0 = Release|Any CPU
		{1838D509-0929-42D4-8E7E-1F430E474B2C}.Release|x86.ActiveCfg = Release|Any CPU
		{1838D509-0929-42D4-8E7E-1F430E474B2C}.Release|x86.Build.0 = Release|Any CPU
		{54A271BA-DD48-4ABB-9784-5D2CF3A0DAE5}.Debug|Any CPU.ActiveCfg = Debug|Any CPU
		{54A271BA-DD48-4ABB-9784-5D2CF3A0DAE5}.Debug|Any CPU.Build.0 = Debug|Any CPU
		{54A271BA-DD48-4ABB-9784-5D2CF3A0DAE5}.Debug|x64.ActiveCfg = Debug|Any CPU
		{54A271BA-DD48-4ABB-9784-5D2CF3A0DAE5}.Debug|x64.Build.0 = Debug|Any CPU
		{54A271BA-DD48-4ABB-9784-5D2CF3A0DAE5}.Debug|x86.ActiveCfg = Debug|Any CPU
		{54A271BA-DD48-4ABB-9784-5D2CF3A0DAE5}.Debug|x86.Build.0 = Debug|Any CPU
		{54A271BA-DD48-4ABB-9784-5D2CF3A0DAE5}.Release|Any CPU.ActiveCfg = Release|Any CPU
		{54A271BA-DD48-4ABB-9784-5D2CF3A0DAE5}.Release|Any CPU.Build.0 = Release|Any CPU
		{54A271BA-DD48-4ABB-9784-5D2CF3A0DAE5}.Release|x64.ActiveCfg = Release|Any CPU
		{54A271BA-DD48-4ABB-9784-5D2CF3A0DAE5}.Release|x64.Build.0 = Release|Any CPU
		{54A271BA-DD48-4ABB-9784-5D2CF3A0DAE5}.Release|x86.ActiveCfg = Release|Any CPU
		{54A271BA-DD48-4ABB-9784-5D2CF3A0DAE5}.Release|x86.Build.0 = Release|Any CPU
		{C3098525-FA2A-4F54-B25C-815679D7BF2C}.Debug|Any CPU.ActiveCfg = Debug|Any CPU
		{C3098525-FA2A-4F54-B25C-815679D7BF2C}.Debug|Any CPU.Build.0 = Debug|Any CPU
		{C3098525-FA2A-4F54-B25C-815679D7BF2C}.Debug|x64.ActiveCfg = Debug|Any CPU
		{C3098525-FA2A-4F54-B25C-815679D7BF2C}.Debug|x64.Build.0 = Debug|Any CPU
		{C3098525-FA2A-4F54-B25C-815679D7BF2C}.Debug|x86.ActiveCfg = Debug|Any CPU
		{C3098525-FA2A-4F54-B25C-815679D7BF2C}.Debug|x86.Build.0 = Debug|Any CPU
		{C3098525-FA2A-4F54-B25C-815679D7BF2C}.Release|Any CPU.ActiveCfg = Release|Any CPU
		{C3098525-FA2A-4F54-B25C-815679D7BF2C}.Release|Any CPU.Build.0 = Release|Any CPU
		{C3098525-FA2A-4F54-B25C-815679D7BF2C}.Release|x64.ActiveCfg = Release|Any CPU
		{C3098525-FA2A-4F54-B25C-815679D7BF2C}.Release|x64.Build.0 = Release|Any CPU
		{C3098525-FA2A-4F54-B25C-815679D7BF2C}.Release|x86.ActiveCfg = Release|Any CPU
		{C3098525-FA2A-4F54-B25C-815679D7BF2C}.Release|x86.Build.0 = Release|Any CPU
		{BDDA6877-52DF-4E57-9D69-3B8FEB499596}.Debug|Any CPU.ActiveCfg = Debug|Any CPU
		{BDDA6877-52DF-4E57-9D69-3B8FEB499596}.Debug|Any CPU.Build.0 = Debug|Any CPU
		{BDDA6877-52DF-4E57-9D69-3B8FEB499596}.Debug|x64.ActiveCfg = Debug|Any CPU
		{BDDA6877-52DF-4E57-9D69-3B8FEB499596}.Debug|x64.Build.0 = Debug|Any CPU
		{BDDA6877-52DF-4E57-9D69-3B8FEB499596}.Debug|x86.ActiveCfg = Debug|Any CPU
		{BDDA6877-52DF-4E57-9D69-3B8FEB499596}.Debug|x86.Build.0 = Debug|Any CPU
		{BDDA6877-52DF-4E57-9D69-3B8FEB499596}.Release|Any CPU.ActiveCfg = Release|Any CPU
		{BDDA6877-52DF-4E57-9D69-3B8FEB499596}.Release|Any CPU.Build.0 = Release|Any CPU
		{BDDA6877-52DF-4E57-9D69-3B8FEB499596}.Release|x64.ActiveCfg = Release|Any CPU
		{BDDA6877-52DF-4E57-9D69-3B8FEB499596}.Release|x64.Build.0 = Release|Any CPU
		{BDDA6877-52DF-4E57-9D69-3B8FEB499596}.Release|x86.ActiveCfg = Release|Any CPU
		{BDDA6877-52DF-4E57-9D69-3B8FEB499596}.Release|x86.Build.0 = Release|Any CPU
		{DCACB3BE-11C1-4EB7-9F44-516B88D3F99C}.Debug|Any CPU.ActiveCfg = Debug|Any CPU
		{DCACB3BE-11C1-4EB7-9F44-516B88D3F99C}.Debug|Any CPU.Build.0 = Debug|Any CPU
		{DCACB3BE-11C1-4EB7-9F44-516B88D3F99C}.Debug|x64.ActiveCfg = Debug|Any CPU
		{DCACB3BE-11C1-4EB7-9F44-516B88D3F99C}.Debug|x64.Build.0 = Debug|Any CPU
		{DCACB3BE-11C1-4EB7-9F44-516B88D3F99C}.Debug|x86.ActiveCfg = Debug|Any CPU
		{DCACB3BE-11C1-4EB7-9F44-516B88D3F99C}.Debug|x86.Build.0 = Debug|Any CPU
		{DCACB3BE-11C1-4EB7-9F44-516B88D3F99C}.Release|Any CPU.ActiveCfg = Release|Any CPU
		{DCACB3BE-11C1-4EB7-9F44-516B88D3F99C}.Release|Any CPU.Build.0 = Release|Any CPU
		{DCACB3BE-11C1-4EB7-9F44-516B88D3F99C}.Release|x64.ActiveCfg = Release|Any CPU
		{DCACB3BE-11C1-4EB7-9F44-516B88D3F99C}.Release|x64.Build.0 = Release|Any CPU
		{DCACB3BE-11C1-4EB7-9F44-516B88D3F99C}.Release|x86.ActiveCfg = Release|Any CPU
		{DCACB3BE-11C1-4EB7-9F44-516B88D3F99C}.Release|x86.Build.0 = Release|Any CPU
		{765590E9-CBEB-4EEA-9AE9-472B1D812DD8}.Debug|Any CPU.ActiveCfg = Debug|Any CPU
		{765590E9-CBEB-4EEA-9AE9-472B1D812DD8}.Debug|Any CPU.Build.0 = Debug|Any CPU
		{765590E9-CBEB-4EEA-9AE9-472B1D812DD8}.Debug|x64.ActiveCfg = Debug|Any CPU
		{765590E9-CBEB-4EEA-9AE9-472B1D812DD8}.Debug|x64.Build.0 = Debug|Any CPU
		{765590E9-CBEB-4EEA-9AE9-472B1D812DD8}.Debug|x86.ActiveCfg = Debug|Any CPU
		{765590E9-CBEB-4EEA-9AE9-472B1D812DD8}.Debug|x86.Build.0 = Debug|Any CPU
		{765590E9-CBEB-4EEA-9AE9-472B1D812DD8}.Release|Any CPU.ActiveCfg = Release|Any CPU
		{765590E9-CBEB-4EEA-9AE9-472B1D812DD8}.Release|Any CPU.Build.0 = Release|Any CPU
		{765590E9-CBEB-4EEA-9AE9-472B1D812DD8}.Release|x64.ActiveCfg = Release|Any CPU
		{765590E9-CBEB-4EEA-9AE9-472B1D812DD8}.Release|x64.Build.0 = Release|Any CPU
		{765590E9-CBEB-4EEA-9AE9-472B1D812DD8}.Release|x86.ActiveCfg = Release|Any CPU
		{765590E9-CBEB-4EEA-9AE9-472B1D812DD8}.Release|x86.Build.0 = Release|Any CPU
		{8549AD50-B849-4D6B-A50D-031E7E60A227}.Debug|Any CPU.ActiveCfg = Debug|Any CPU
		{8549AD50-B849-4D6B-A50D-031E7E60A227}.Debug|Any CPU.Build.0 = Debug|Any CPU
		{8549AD50-B849-4D6B-A50D-031E7E60A227}.Debug|x64.ActiveCfg = Debug|Any CPU
		{8549AD50-B849-4D6B-A50D-031E7E60A227}.Debug|x64.Build.0 = Debug|Any CPU
		{8549AD50-B849-4D6B-A50D-031E7E60A227}.Debug|x86.ActiveCfg = Debug|Any CPU
		{8549AD50-B849-4D6B-A50D-031E7E60A227}.Debug|x86.Build.0 = Debug|Any CPU
		{8549AD50-B849-4D6B-A50D-031E7E60A227}.Release|Any CPU.ActiveCfg = Release|Any CPU
		{8549AD50-B849-4D6B-A50D-031E7E60A227}.Release|Any CPU.Build.0 = Release|Any CPU
		{8549AD50-B849-4D6B-A50D-031E7E60A227}.Release|x64.ActiveCfg = Release|Any CPU
		{8549AD50-B849-4D6B-A50D-031E7E60A227}.Release|x64.Build.0 = Release|Any CPU
		{8549AD50-B849-4D6B-A50D-031E7E60A227}.Release|x86.ActiveCfg = Release|Any CPU
		{8549AD50-B849-4D6B-A50D-031E7E60A227}.Release|x86.Build.0 = Release|Any CPU
		{962C22A8-D07B-43C0-93CB-8462D736BAC3}.Debug|Any CPU.ActiveCfg = Debug|Any CPU
		{962C22A8-D07B-43C0-93CB-8462D736BAC3}.Debug|Any CPU.Build.0 = Debug|Any CPU
		{962C22A8-D07B-43C0-93CB-8462D736BAC3}.Debug|x64.ActiveCfg = Debug|Any CPU
		{962C22A8-D07B-43C0-93CB-8462D736BAC3}.Debug|x64.Build.0 = Debug|Any CPU
		{962C22A8-D07B-43C0-93CB-8462D736BAC3}.Debug|x86.ActiveCfg = Debug|Any CPU
		{962C22A8-D07B-43C0-93CB-8462D736BAC3}.Debug|x86.Build.0 = Debug|Any CPU
		{962C22A8-D07B-43C0-93CB-8462D736BAC3}.Release|Any CPU.ActiveCfg = Release|Any CPU
		{962C22A8-D07B-43C0-93CB-8462D736BAC3}.Release|Any CPU.Build.0 = Release|Any CPU
		{962C22A8-D07B-43C0-93CB-8462D736BAC3}.Release|x64.ActiveCfg = Release|Any CPU
		{962C22A8-D07B-43C0-93CB-8462D736BAC3}.Release|x64.Build.0 = Release|Any CPU
		{962C22A8-D07B-43C0-93CB-8462D736BAC3}.Release|x86.ActiveCfg = Release|Any CPU
		{962C22A8-D07B-43C0-93CB-8462D736BAC3}.Release|x86.Build.0 = Release|Any CPU
		{0561B540-A23F-467C-BFC0-967857B7E5DA}.Debug|Any CPU.ActiveCfg = Debug|Any CPU
		{0561B540-A23F-467C-BFC0-967857B7E5DA}.Debug|Any CPU.Build.0 = Debug|Any CPU
		{0561B540-A23F-467C-BFC0-967857B7E5DA}.Debug|x64.ActiveCfg = Debug|Any CPU
		{0561B540-A23F-467C-BFC0-967857B7E5DA}.Debug|x64.Build.0 = Debug|Any CPU
		{0561B540-A23F-467C-BFC0-967857B7E5DA}.Debug|x86.ActiveCfg = Debug|Any CPU
		{0561B540-A23F-467C-BFC0-967857B7E5DA}.Debug|x86.Build.0 = Debug|Any CPU
		{0561B540-A23F-467C-BFC0-967857B7E5DA}.Release|Any CPU.ActiveCfg = Release|Any CPU
		{0561B540-A23F-467C-BFC0-967857B7E5DA}.Release|Any CPU.Build.0 = Release|Any CPU
		{0561B540-A23F-467C-BFC0-967857B7E5DA}.Release|x64.ActiveCfg = Release|Any CPU
		{0561B540-A23F-467C-BFC0-967857B7E5DA}.Release|x64.Build.0 = Release|Any CPU
		{0561B540-A23F-467C-BFC0-967857B7E5DA}.Release|x86.ActiveCfg = Release|Any CPU
		{0561B540-A23F-467C-BFC0-967857B7E5DA}.Release|x86.Build.0 = Release|Any CPU
		{71E6D3EC-80D2-4987-9499-2F0A94D64437}.Debug|Any CPU.ActiveCfg = Debug|Any CPU
		{71E6D3EC-80D2-4987-9499-2F0A94D64437}.Debug|Any CPU.Build.0 = Debug|Any CPU
		{71E6D3EC-80D2-4987-9499-2F0A94D64437}.Debug|x64.ActiveCfg = Debug|Any CPU
		{71E6D3EC-80D2-4987-9499-2F0A94D64437}.Debug|x64.Build.0 = Debug|Any CPU
		{71E6D3EC-80D2-4987-9499-2F0A94D64437}.Debug|x86.ActiveCfg = Debug|Any CPU
		{71E6D3EC-80D2-4987-9499-2F0A94D64437}.Debug|x86.Build.0 = Debug|Any CPU
		{71E6D3EC-80D2-4987-9499-2F0A94D64437}.Release|Any CPU.ActiveCfg = Release|Any CPU
		{71E6D3EC-80D2-4987-9499-2F0A94D64437}.Release|Any CPU.Build.0 = Release|Any CPU
		{71E6D3EC-80D2-4987-9499-2F0A94D64437}.Release|x64.ActiveCfg = Release|Any CPU
		{71E6D3EC-80D2-4987-9499-2F0A94D64437}.Release|x64.Build.0 = Release|Any CPU
		{71E6D3EC-80D2-4987-9499-2F0A94D64437}.Release|x86.ActiveCfg = Release|Any CPU
		{71E6D3EC-80D2-4987-9499-2F0A94D64437}.Release|x86.Build.0 = Release|Any CPU
	EndGlobalSection
	GlobalSection(SolutionProperties) = preSolution
		HideSolutionNode = FALSE
	EndGlobalSection
	GlobalSection(NestedProjects) = preSolution
		{0E8A2420-17F4-45B7-9621-A505C6F3F938} = {827E0CD3-B72D-47B6-A68D-7590B98EB39B}
		{F348E153-8E37-46C7-8580-BE916A802C4A} = {827E0CD3-B72D-47B6-A68D-7590B98EB39B}
		{4D9E46D1-3E3F-4BD0-AF95-518E2FA3A883} = {827E0CD3-B72D-47B6-A68D-7590B98EB39B}
		{8C30EBA0-53F9-489D-81E2-55767993249B} = {07D57EEB-2F50-60C4-C011-FE4FA775C9A8}
		{BAC1400F-3474-4AC9-BAE8-3C012935D296} = {0AB3BF05-4346-4AA6-1389-037BE0695223}
		{CA3B43A1-75D1-430F-AD2C-0EB24EEAE71C} = {0AB3BF05-4346-4AA6-1389-037BE0695223}
		{134B1ABA-A4C4-4485-A7C6-01EB49A83529} = {0AB3BF05-4346-4AA6-1389-037BE0695223}
		{E1A5D60E-55C2-4A8C-88AA-5B3A13231530} = {B36A84DF-456D-A817-6EDD-3EC3E7F6E11F}
		{21061B49-BC07-46F7-B0CC-81A4727A723E} = {B36A84DF-456D-A817-6EDD-3EC3E7F6E11F}
		{6B26A024-D699-4CDD-BEAE-CC1379C80D1C} = {B36A84DF-456D-A817-6EDD-3EC3E7F6E11F}
		{B9E17168-1E59-43E5-9360-62C540DBA001} = {B36A84DF-456D-A817-6EDD-3EC3E7F6E11F}
		{4FA96263-3BBF-4720-9FF4-B3A708A16E62} = {B36A84DF-456D-A817-6EDD-3EC3E7F6E11F}
		{5A117705-A9AA-4F12-B8D4-664872C6632A} = {B36A84DF-456D-A817-6EDD-3EC3E7F6E11F}
		{4AAFA276-0051-4D36-9E17-92E9D8AAB6BA} = {B36A84DF-456D-A817-6EDD-3EC3E7F6E11F}
		{ED50451C-5246-40C3-B686-EC9A6687DB5E} = {B36A84DF-456D-A817-6EDD-3EC3E7F6E11F}
		{26A33A4E-D77F-4AE5-9919-2B4682536684} = {B36A84DF-456D-A817-6EDD-3EC3E7F6E11F}
		{A82DD82D-D42E-4E2B-A372-BD9B4DA3E5A2} = {827E0CD3-B72D-47B6-A68D-7590B98EB39B}
		{D4438598-A60E-4442-A589-445F18F64A7B} = {B36A84DF-456D-A817-6EDD-3EC3E7F6E11F}
		{62B3362D-D258-4CA5-86CE-A2019EAA23C5} = {B36A84DF-456D-A817-6EDD-3EC3E7F6E11F}
		{0650DBEE-5B37-4629-9FC5-D984B93CA8BB} = {B36A84DF-456D-A817-6EDD-3EC3E7F6E11F}
		{B15CE2FC-FCC0-48D1-BC03-0F389997C47E} = {B36A84DF-456D-A817-6EDD-3EC3E7F6E11F}
		{EAEFDEAF-C37B-40F3-B647-E5E938F86C25} = {B36A84DF-456D-A817-6EDD-3EC3E7F6E11F}
		{E44D513D-CCFE-4614-8E82-B1905EE9C147} = {827E0CD3-B72D-47B6-A68D-7590B98EB39B}
		{8847CB46-D354-44FC-B81E-1C7439DC9AA9} = {B36A84DF-456D-A817-6EDD-3EC3E7F6E11F}
		{B25BBBB1-B5A2-446B-BF1A-71C693AC0392} = {B36A84DF-456D-A817-6EDD-3EC3E7F6E11F}
		{587ED83D-B39E-490E-873A-DBC88718B33E} = {B36A84DF-456D-A817-6EDD-3EC3E7F6E11F}
		{C268C99A-D546-4A1B-8AE5-84DF2E0922E3} = {B36A84DF-456D-A817-6EDD-3EC3E7F6E11F}
		{B7626357-A6BF-4E64-BAA1-0523650CDDC3} = {B36A84DF-456D-A817-6EDD-3EC3E7F6E11F}
		{1838D509-0929-42D4-8E7E-1F430E474B2C} = {827E0CD3-B72D-47B6-A68D-7590B98EB39B}
		{54A271BA-DD48-4ABB-9784-5D2CF3A0DAE5} = {827E0CD3-B72D-47B6-A68D-7590B98EB39B}
		{C3098525-FA2A-4F54-B25C-815679D7BF2C} = {827E0CD3-B72D-47B6-A68D-7590B98EB39B}
		{BDDA6877-52DF-4E57-9D69-3B8FEB499596} = {827E0CD3-B72D-47B6-A68D-7590B98EB39B}
		{DCACB3BE-11C1-4EB7-9F44-516B88D3F99C} = {827E0CD3-B72D-47B6-A68D-7590B98EB39B}
		{765590E9-CBEB-4EEA-9AE9-472B1D812DD8} = {827E0CD3-B72D-47B6-A68D-7590B98EB39B}
		{8549AD50-B849-4D6B-A50D-031E7E60A227} = {B36A84DF-456D-A817-6EDD-3EC3E7F6E11F}
		{962C22A8-D07B-43C0-93CB-8462D736BAC3} = {B36A84DF-456D-A817-6EDD-3EC3E7F6E11F}
		{0561B540-A23F-467C-BFC0-967857B7E5DA} = {B36A84DF-456D-A817-6EDD-3EC3E7F6E11F}
		{71E6D3EC-80D2-4987-9499-2F0A94D64437} = {B36A84DF-456D-A817-6EDD-3EC3E7F6E11F}
	EndGlobalSection
EndGlobal
